
Microsoft Visual Studio Solution File, Format Version 11.00
# Visual Studio 2010
Project("{FAE04EC0-301F-11D3-BF4B-00C04F79EFBC}") = "ExRep", "ExRep\ExRep.csproj", "{0030631B-921D-446E-96B6-AA357AA31F85}"
EndProject
Project("{FAE04EC0-301F-11D3-BF4B-00C04F79EFBC}") = "ExRep.Test", "ExRep.Test\ExRep.Test.csproj", "{BE26D850-0651-4984-9535-3A4C6C8AC6D3}"
EndProject
Global
	GlobalSection(SolutionConfigurationPlatforms) = preSolution
		Debug|Any CPU = Debug|Any CPU
		Release|Any CPU = Release|Any CPU
	EndGlobalSection
	GlobalSection(ProjectConfigurationPlatforms) = postSolution
		{0030631B-921D-446E-96B6-AA357AA31F85}.Debug|Any CPU.ActiveCfg = Debug|Any CPU
		{0030631B-921D-446E-96B6-AA357AA31F85}.Debug|Any CPU.Build.0 = Debug|Any CPU
		{0030631B-921D-446E-96B6-AA357AA31F85}.Release|Any CPU.ActiveCfg = Release|Any CPU
		{0030631B-921D-446E-96B6-AA357AA31F85}.Release|Any CPU.Build.0 = Release|Any CPU
		{BE26D850-0651-4984-9535-3A4C6C8AC6D3}.Debug|Any CPU.ActiveCfg = Debug|Any CPU
		{BE26D850-0651-4984-9535-3A4C6C8AC6D3}.Debug|Any CPU.Build.0 = Debug|Any CPU
		{BE26D850-0651-4984-9535-3A4C6C8AC6D3}.Release|Any CPU.ActiveCfg = Release|Any CPU
		{BE26D850-0651-4984-9535-3A4C6C8AC6D3}.Release|Any CPU.Build.0 = Release|Any CPU
	EndGlobalSection
	GlobalSection(SolutionProperties) = preSolution
		HideSolutionNode = FALSE
	EndGlobalSection
EndGlobal
